
Microsoft Visual Studio Solution File, Format Version 12.00
# Visual Studio Version 17
VisualStudioVersion = 17.10.34916.146
MinimumVisualStudioVersion = 10.0.40219.1
Project("{FAE04EC0-301F-11D3-BF4B-00C04F79EFBC}") = "GenearateCaptcha", "GenearateCaptcha\GenearateCaptcha.csproj", "{F45FB3DB-3C32-483A-8581-82797F50E410}"
EndProject
Global
	GlobalSection(SolutionConfigurationPlatforms) = preSolution
		Debug|Any CPU = Debug|Any CPU
		Release|Any CPU = Release|Any CPU
	EndGlobalSection
	GlobalSection(ProjectConfigurationPlatforms) = postSolution
		{F45FB3DB-3C32-483A-8581-82797F50E410}.Debug|Any CPU.ActiveCfg = Debug|Any CPU
		{F45FB3DB-3C32-483A-8581-82797F50E410}.Debug|Any CPU.Build.0 = Debug|Any CPU
		{F45FB3DB-3C32-483A-8581-82797F50E410}.Release|Any CPU.ActiveCfg = Release|Any CPU
		{F45FB3DB-3C32-483A-8581-82797F50E410}.Release|Any CPU.Build.0 = Release|Any CPU
	EndGlobalSection
	GlobalSection(SolutionProperties) = preSolution
		HideSolutionNode = FALSE
	EndGlobalSection
	GlobalSection(ExtensibilityGlobals) = postSolution
		SolutionGuid = {4B39B06B-2180-4C3C-BF8D-91C4E97C8630}
	EndGlobalSection
EndGlobal
